
Microsoft Visual Studio Solution File, Format Version 12.00
# Visual Studio Version 17
VisualStudioVersion = 17.8.34330.188
MinimumVisualStudioVersion = 10.0.40219.1
Project("{FAE04EC0-301F-11D3-BF4B-00C04F79EFBC}") = "OnlineShop", "OnlineShop\OnlineShop.csproj", "{41FB04AB-43B6-44DE-BBF5-D6B3ABCAAAE3}"
EndProject
Global
	GlobalSection(SolutionConfigurationPlatforms) = preSolution
		Debug|Any CPU = Debug|Any CPU
		Release|Any CPU = Release|Any CPU
	EndGlobalSection
	GlobalSection(ProjectConfigurationPlatforms) = postSolution
		{41FB04AB-43B6-44DE-BBF5-D6B3ABCAAAE3}.Debug|Any CPU.ActiveCfg = Debug|Any CPU
		{41FB04AB-43B6-44DE-BBF5-D6B3ABCAAAE3}.Debug|Any CPU.Build.0 = Debug|Any CPU
		{41FB04AB-43B6-44DE-BBF5-D6B3ABCAAAE3}.Release|Any CPU.ActiveCfg = Release|Any CPU
		{41FB04AB-43B6-44DE-BBF5-D6B3ABCAAAE3}.Release|Any CPU.Build.0 = Release|Any CPU
	EndGlobalSection
	GlobalSection(SolutionProperties) = preSolution
		HideSolutionNode = FALSE
	EndGlobalSection
	GlobalSection(ExtensibilityGlobals) = postSolution
		SolutionGuid = {CF0FF023-967C-42D0-B76F-1DBE8D4B6892}
	EndGlobalSection
EndGlobal
